
Microsoft Visual Studio Solution File, Format Version 12.00
# Visual Studio Version 17
VisualStudioVersion = 17.9.34701.34
MinimumVisualStudioVersion = 10.0.40219.1
Project("{FAE04EC0-301F-11D3-BF4B-00C04F79EFBC}") = "DroneStatusFunctionApp", "DroneStatusFunctionApp\DroneStatusFunctionApp.csproj", "{9F5EA021-2142-48CF-AB16-8D5602E57BA2}"
EndProject
Project("{FAE04EC0-301F-11D3-BF4B-00C04F79EFBC}") = "DroneStatusFunction.Tests", "DroneStatusFunction.Tests\DroneStatusFunction.Tests.csproj", "{6D9A5753-C821-4136-AD14-C6963288051D}"
EndProject
Global
	GlobalSection(SolutionConfigurationPlatforms) = preSolution
		Debug|Any CPU = Debug|Any CPU
		Release|Any CPU = Release|Any CPU
	EndGlobalSection
	GlobalSection(ProjectConfigurationPlatforms) = postSolution
		{9F5EA021-2142-48CF-AB16-8D5602E57BA2}.Debug|Any CPU.ActiveCfg = Debug|Any CPU
		{9F5EA021-2142-48CF-AB16-8D5602E57BA2}.Debug|Any CPU.Build.0 = Debug|Any CPU
		{9F5EA021-2142-48CF-AB16-8D5602E57BA2}.Release|Any CPU.ActiveCfg = Release|Any CPU
		{9F5EA021-2142-48CF-AB16-8D5602E57BA2}.Release|Any CPU.Build.0 = Release|Any CPU
		{6D9A5753-C821-4136-AD14-C6963288051D}.Debug|Any CPU.ActiveCfg = Debug|Any CPU
		{6D9A5753-C821-4136-AD14-C6963288051D}.Debug|Any CPU.Build.0 = Debug|Any CPU
		{6D9A5753-C821-4136-AD14-C6963288051D}.Release|Any CPU.ActiveCfg = Release|Any CPU
		{6D9A5753-C821-4136-AD14-C6963288051D}.Release|Any CPU.Build.0 = Release|Any CPU
	EndGlobalSection
	GlobalSection(SolutionProperties) = preSolution
		HideSolutionNode = FALSE
	EndGlobalSection
	GlobalSection(ExtensibilityGlobals) = postSolution
		SolutionGuid = {47F8C9B6-712B-4A09-B8E5-7F554B825DAD}
	EndGlobalSection
EndGlobal
