
Microsoft Visual Studio Solution File, Format Version 12.00
# Visual Studio 15
VisualStudioVersion = 15.0.27428.2005
MinimumVisualStudioVersion = 10.0.40219.1
Project("{9A19103F-16F7-4668-BE54-9A1E7A4F7556}") = "DroneTelemetryFunctionApp", "DroneTelemetryFunctionApp\DroneTelemetryFunctionApp.csproj", "{3E6D6A8B-A1CE-4BE7-BB10-2385F3D522D6}"
EndProject
Project("{9A19103F-16F7-4668-BE54-9A1E7A4F7556}") = "DroneTelemetryFunction.Tests", "DroneTelemetryFunction.Tests\DroneTelemetryFunction.Tests.csproj", "{D9173A30-34AF-4219-9213-BA2B4C84D29E}"
EndProject
Project("{9A19103F-16F7-4668-BE54-9A1E7A4F7556}") = "Serverless.Serialization", "..\TelemetrySerialization\Serverless.Serialization\Serverless.Serialization.csproj", "{6B5E957B-CA09-4762-8E10-8AAC26C70886}"
EndProject
Global
	GlobalSection(SolutionConfigurationPlatforms) = preSolution
		Debug|Any CPU = Debug|Any CPU
		Release|Any CPU = Release|Any CPU
	EndGlobalSection
	GlobalSection(ProjectConfigurationPlatforms) = postSolution
		{3E6D6A8B-A1CE-4BE7-BB10-2385F3D522D6}.Debug|Any CPU.ActiveCfg = Debug|Any CPU
		{3E6D6A8B-A1CE-4BE7-BB10-2385F3D522D6}.Debug|Any CPU.Build.0 = Debug|Any CPU
		{3E6D6A8B-A1CE-4BE7-BB10-2385F3D522D6}.Release|Any CPU.ActiveCfg = Release|Any CPU
		{3E6D6A8B-A1CE-4BE7-BB10-2385F3D522D6}.Release|Any CPU.Build.0 = Release|Any CPU
		{D9173A30-34AF-4219-9213-BA2B4C84D29E}.Debug|Any CPU.ActiveCfg = Debug|Any CPU
		{D9173A30-34AF-4219-9213-BA2B4C84D29E}.Debug|Any CPU.Build.0 = Debug|Any CPU
		{D9173A30-34AF-4219-9213-BA2B4C84D29E}.Release|Any CPU.ActiveCfg = Release|Any CPU
		{D9173A30-34AF-4219-9213-BA2B4C84D29E}.Release|Any CPU.Build.0 = Release|Any CPU
		{6B5E957B-CA09-4762-8E10-8AAC26C70886}.Debug|Any CPU.ActiveCfg = Debug|Any CPU
		{6B5E957B-CA09-4762-8E10-8AAC26C70886}.Debug|Any CPU.Build.0 = Debug|Any CPU
		{6B5E957B-CA09-4762-8E10-8AAC26C70886}.Release|Any CPU.ActiveCfg = Release|Any CPU
		{6B5E957B-CA09-4762-8E10-8AAC26C70886}.Release|Any CPU.Build.0 = Release|Any CPU
	EndGlobalSection
	GlobalSection(SolutionProperties) = preSolution
		HideSolutionNode = FALSE
	EndGlobalSection
	GlobalSection(ExtensibilityGlobals) = postSolution
		SolutionGuid = {B504E1AD-185E-4EF9-BBCC-9DF57EF882AE}
	EndGlobalSection
EndGlobal
