
Microsoft Visual Studio Solution File, Format Version 12.00
# Visual Studio Version 17
VisualStudioVersion = 17.9.34701.34
MinimumVisualStudioVersion = 10.0.40219.1
Project("{9A19103F-16F7-4668-BE54-9A1E7A4F7556}") = "DroneTelemetryFunctionApp", "DroneTelemetryFunctionApp\DroneTelemetryFunctionApp.csproj", "{CD7B2C36-0692-4671-9B76-7D3C4F5F2C58}"
EndProject
Project("{9A19103F-16F7-4668-BE54-9A1E7A4F7556}") = "Serverless.Serialization", "..\TelemetrySerialization\Serverless.Serialization\Serverless.Serialization.csproj", "{58DB738C-2701-4E3D-B4FD-B84512DB2EA9}"
EndProject
Project("{9A19103F-16F7-4668-BE54-9A1E7A4F7556}") = "DroneTelemetryFunction.Tests", "DroneTelemetryFunction.Tests\DroneTelemetryFunction.Tests.csproj", "{89C7402A-ED76-4AB2-AAD3-1F45EBA71B44}"
EndProject
Global
	GlobalSection(SolutionConfigurationPlatforms) = preSolution
		Debug|Any CPU = Debug|Any CPU
		Release|Any CPU = Release|Any CPU
	EndGlobalSection
	GlobalSection(ProjectConfigurationPlatforms) = postSolution
		{CD7B2C36-0692-4671-9B76-7D3C4F5F2C58}.Debug|Any CPU.ActiveCfg = Debug|Any CPU
		{CD7B2C36-0692-4671-9B76-7D3C4F5F2C58}.Debug|Any CPU.Build.0 = Debug|Any CPU
		{CD7B2C36-0692-4671-9B76-7D3C4F5F2C58}.Release|Any CPU.ActiveCfg = Release|Any CPU
		{CD7B2C36-0692-4671-9B76-7D3C4F5F2C58}.Release|Any CPU.Build.0 = Release|Any CPU
		{58DB738C-2701-4E3D-B4FD-B84512DB2EA9}.Debug|Any CPU.ActiveCfg = Debug|Any CPU
		{58DB738C-2701-4E3D-B4FD-B84512DB2EA9}.Debug|Any CPU.Build.0 = Debug|Any CPU
		{58DB738C-2701-4E3D-B4FD-B84512DB2EA9}.Release|Any CPU.ActiveCfg = Release|Any CPU
		{58DB738C-2701-4E3D-B4FD-B84512DB2EA9}.Release|Any CPU.Build.0 = Release|Any CPU
		{89C7402A-ED76-4AB2-AAD3-1F45EBA71B44}.Debug|Any CPU.ActiveCfg = Debug|Any CPU
		{89C7402A-ED76-4AB2-AAD3-1F45EBA71B44}.Debug|Any CPU.Build.0 = Debug|Any CPU
		{89C7402A-ED76-4AB2-AAD3-1F45EBA71B44}.Release|Any CPU.ActiveCfg = Release|Any CPU
		{89C7402A-ED76-4AB2-AAD3-1F45EBA71B44}.Release|Any CPU.Build.0 = Release|Any CPU
	EndGlobalSection
	GlobalSection(SolutionProperties) = preSolution
		HideSolutionNode = FALSE
	EndGlobalSection
	GlobalSection(ExtensibilityGlobals) = postSolution
		SolutionGuid = {BCF3B974-8FDF-4E00-AB77-F4F0108DE637}
	EndGlobalSection
EndGlobal
